
Microsoft Visual Studio Solution File, Format Version 12.00
# Visual Studio Version 17
VisualStudioVersion = 17.4.33122.133
MinimumVisualStudioVersion = 10.0.40219.1
Project("{FAE04EC0-301F-11D3-BF4B-00C04F79EFBC}") = "StringThings", "StringThings\StringThings.csproj", "{FC69DB1F-DE34-43B6-B6CD-7DC25DD912F6}"
EndProject
Global
	GlobalSection(SolutionConfigurationPlatforms) = preSolution
		Debug|Any CPU = Debug|Any CPU
		Release|Any CPU = Release|Any CPU
	EndGlobalSection
	GlobalSection(ProjectConfigurationPlatforms) = postSolution
		{FC69DB1F-DE34-43B6-B6CD-7DC25DD912F6}.Debug|Any CPU.ActiveCfg = Debug|Any CPU
		{FC69DB1F-DE34-43B6-B6CD-7DC25DD912F6}.Debug|Any CPU.Build.0 = Debug|Any CPU
		{FC69DB1F-DE34-43B6-B6CD-7DC25DD912F6}.Release|Any CPU.ActiveCfg = Release|Any CPU
		{FC69DB1F-DE34-43B6-B6CD-7DC25DD912F6}.Release|Any CPU.Build.0 = Release|Any CPU
	EndGlobalSection
	GlobalSection(SolutionProperties) = preSolution
		HideSolutionNode = FALSE
	EndGlobalSection
	GlobalSection(ExtensibilityGlobals) = postSolution
		SolutionGuid = {3EDDCDD8-E66B-4DD4-BCDF-CEF6C92F7CCB}
	EndGlobalSection
EndGlobal
